{
  "name": "wux-weapp-sublime-snippets",
  "version": "0.0.3",
  "lockfileVersion": 1,
  "requires": true,
  "dependencies": {
    "wux-weapp-snippets": {
      "version": "0.0.3",
      "resolved": "https://registry.npmjs.org/wux-weapp-snippets/-/wux-weapp-snippets-0.0.3.tgz",
      "integrity": "sha512-+/61SDF+LJCm94M+SmBaRXAuCnAD9RLdeucUNAXbk49Zu27ncfXlwjXvPrcWKl1tWMY7gmsehnuFDV32x26YpQ==",
      "dev": true
    }
  }
}
