{
  "name": "wux-weapp-sublime-snippets",
  "version": "0.0.6",
  "lockfileVersion": 1,
  "requires": true,
  "dependencies": {
    "wux-weapp-snippets": {
      "version": "0.0.6",
      "resolved": "https://registry.npmjs.org/wux-weapp-snippets/-/wux-weapp-snippets-0.0.6.tgz",
      "integrity": "sha512-TmtEUQNT5ASTIDADK7uMIy982zaI9wk8leTeYlG3rO8cJc2zVh/gRepQoeQjOre7uQ2lonQqTp1AIDN9kPM0sw==",
      "dev": true
    }
  }
}
